<Solution>
  <Folder Name="/src/">
    <Project Path="src/Yottaverse.MachineOps.Core/Yottaverse.MachineOps.Core.csproj" />
    <Project Path="src/Yottaverse.MachineOps.Desktop/Yottaverse.MachineOps.Desktop.csproj" />
  </Folder>
  <Folder Name="/tests/">
    <Project Path="tests/Yottaverse.MachineOps.Architecture.Tests/Yottaverse.MachineOps.Architecture.Tests.csproj" />
    <Project Path="tests/Yottaverse.MachineOps.Core.Tests/Yottaverse.MachineOps.Core.Tests.csproj" />
  </Folder>
</Solution>
